# THIS IS AN AUTOGENERATED FILE. DO NOT EDIT THIS FILE DIRECTLY.
# yarn lockfile v1


async@1.5.2:
  version "1.5.2"
  resolved "https://registry.yarnpkg.com/async/-/async-1.5.2.tgz#ec6a61ae56480c0c3cb241c95618e20892f9672a"
  integrity sha1-7GphrlZIDAw8skHJVhjiCJL5Zyo=

bluebird@^3.4.6:
  version "3.5.3"
  resolved "https://registry.yarnpkg.com/bluebird/-/bluebird-3.5.3.tgz#7d01c6f9616c9a51ab0f8c549a79dfe6ec33efa7"
  integrity sha512-/qKPUQlaW1OyR51WeCPBvRnAlnZFUJkCSG5HzGnuIqhgyJtF+T94lFnn33eiazjRm2LAHVy2guNnaq48X9SJuw==

cache-manager-redis@^0.6.0:
  version "0.6.0"
  resolved "https://registry.yarnpkg.com/cache-manager-redis/-/cache-manager-redis-0.6.0.tgz#b364b8e855b287edae1b07780addb9bc9860ebce"
  integrity sha512-i7grsVyuIppLyzKAAHM48Eo2YX51+D++Pp1MQiX/9GCBVr3ofayiBpLrz/k/IUpaU9HUZ56P+v5Ee7yJRkfk/w==
  dependencies:
    cache-manager "^2.2.0"
    redis-url "^1.2.1"
    sol-redis-pool "^0.3.2"

cache-manager@^2.2.0, cache-manager@^2.9.0:
  version "2.9.0"
  resolved "https://registry.yarnpkg.com/cache-manager/-/cache-manager-2.9.0.tgz#5e1f6317ca1a25e40ddf365a7162757af152353e"
  integrity sha1-Xh9jF8oaJeQN3zZacWJ1evFSNT4=
  dependencies:
    async "1.5.2"
    lru-cache "4.0.0"

double-ended-queue@^2.1.0-0:
  version "2.1.0-0"
  resolved "https://registry.yarnpkg.com/double-ended-queue/-/double-ended-queue-2.1.0-0.tgz#103d3527fd31528f40188130c841efdd78264e5c"
  integrity sha1-ED01J/0xUo9AGIEwyEHv3XgmTlw=

generic-pool@2.2.1:
  version "2.2.1"
  resolved "https://registry.yarnpkg.com/generic-pool/-/generic-pool-2.2.1.tgz#750ac994eca4e7f87f616e2adff0253f64659ad6"
  integrity sha1-dQrJlOyk5/h/YW4q3/AlP2RlmtY=

lru-cache@4.0.0:
  version "4.0.0"
  resolved "https://registry.yarnpkg.com/lru-cache/-/lru-cache-4.0.0.tgz#b5cbf01556c16966febe54ceec0fb4dc90df6c28"
  integrity sha1-tcvwFVbBaWb+vlTO7A+03JDfbCg=
  dependencies:
    pseudomap "^1.0.1"
    yallist "^2.0.0"

pseudomap@^1.0.1:
  version "1.0.2"
  resolved "https://registry.yarnpkg.com/pseudomap/-/pseudomap-1.0.2.tgz#f052a28da70e618917ef0a8ac34c1ae5a68286b3"
  integrity sha1-8FKijacOYYkX7wqKw0wa5aaChrM=

redis-commands@^1.2.0:
  version "1.4.0"
  resolved "https://registry.yarnpkg.com/redis-commands/-/redis-commands-1.4.0.tgz#52f9cf99153efcce56a8f86af986bd04e988602f"
  integrity sha512-cu8EF+MtkwI4DLIT0x9P8qNTLFhQD4jLfxLR0cCNkeGzs87FN6879JOJwNQR/1zD7aSYNbU0hgsV9zGY71Itvw==

redis-parser@^2.6.0:
  version "2.6.0"
  resolved "https://registry.yarnpkg.com/redis-parser/-/redis-parser-2.6.0.tgz#52ed09dacac108f1a631c07e9b69941e7a19504b"
  integrity sha1-Uu0J2srBCPGmMcB+m2mUHnoZUEs=

redis-url@^1.2.1:
  version "1.2.1"
  resolved "https://registry.yarnpkg.com/redis-url/-/redis-url-1.2.1.tgz#18670095a38e989d379359dd4c6e4abff85e2eb1"
  integrity sha1-GGcAlaOOmJ03k1ndTG5Kv/heLrE=
  dependencies:
    redis ">= 0.0.1"

"redis@>= 0.0.1", "redis@>= 2.6.2", redis@^2.8.0:
  version "2.8.0"
  resolved "https://registry.yarnpkg.com/redis/-/redis-2.8.0.tgz#202288e3f58c49f6079d97af7a10e1303ae14b02"
  integrity sha512-M1OkonEQwtRmZv4tEWF2VgpG0JWJ8Fv1PhlgT5+B+uNq2cA3Rt1Yt/ryoR+vQNOQcIEgdCdfH0jr3bDpihAw1A==
  dependencies:
    double-ended-queue "^2.1.0-0"
    redis-commands "^1.2.0"
    redis-parser "^2.6.0"

sol-redis-pool@^0.3.2:
  version "0.3.3"
  resolved "https://registry.yarnpkg.com/sol-redis-pool/-/sol-redis-pool-0.3.3.tgz#a7111d6f8942413ba0ad4733566167052db74a6b"
  integrity sha1-pxEdb4lCQTugrUczVmFnBS23Sms=
  dependencies:
    bluebird "^3.4.6"
    generic-pool "2.2.1"
    redis ">= 2.6.2"

yallist@^2.0.0:
  version "2.1.2"
  resolved "https://registry.yarnpkg.com/yallist/-/yallist-2.1.2.tgz#1c11f9218f076089a47dd512f93c6699a6a81d52"
  integrity sha1-HBH5IY8HYImkfdUS+TxmmaaoHVI=
